# THIS IS AN AUTOGENERATED FILE. DO NOT EDIT THIS FILE DIRECTLY.
# yarn lockfile v1


"@terascope/elasticsearch-api@^1.0.1":
  version "1.0.1"
  resolved "https://registry.yarnpkg.com/@terascope/elasticsearch-api/-/elasticsearch-api-1.0.1.tgz#b8696f122338d6a522782c2acf0914271d7ba9e0"
  dependencies:
    bluebird "^3.5.0"
    error_parser terascope/error_parser
    lodash "^4.17.4"
    uuid "^3.0.1"

"@terascope/error-parser@^1.0.0":
  version "1.0.0"
  resolved "https://registry.yarnpkg.com/@terascope/error-parser/-/error-parser-1.0.0.tgz#0853b6d10845babda7a7ed596632f866d2fde86d"
  dependencies:
    lodash "^4.17.4"

bluebird@^3.5.0, bluebird@^3.5.1:
  version "3.5.1"
  resolved "https://registry.yarnpkg.com/bluebird/-/bluebird-3.5.1.tgz#d9551f9de98f1fcda1e683d17ee91a0602ee2eb9"

datemath-parser@^1.0.6:
  version "1.0.6"
  resolved "https://registry.yarnpkg.com/datemath-parser/-/datemath-parser-1.0.6.tgz#d527dabf8541b3da1b661d81c16c328f3b9a8dc5"
  dependencies:
    moment "^2.22.2"

"error_parser@github:terascope/error_parser":
  version "1.0.0"
  resolved "https://codeload.github.com/terascope/error_parser/tar.gz/0b988710381f42b869e0ddc15b3e14e38dee1b61"
  dependencies:
    lodash "^4.17.4"

lodash@^4.17.10, lodash@^4.17.4:
  version "4.17.10"
  resolved "https://registry.yarnpkg.com/lodash/-/lodash-4.17.10.tgz#1b7793cf7259ea38fb3661d4d38b3260af8ae4e7"

moment@^2.22.2:
  version "2.22.2"
  resolved "https://registry.yarnpkg.com/moment/-/moment-2.22.2.tgz#3c257f9839fc0e93ff53149632239eb90783ff66"

uuid@^3.0.1:
  version "3.2.1"
  resolved "https://registry.yarnpkg.com/uuid/-/uuid-3.2.1.tgz#12c528bb9d58d0b9265d9a2f6f0fe8be17ff1f14"
